
Microsoft Visual Studio Solution File, Format Version 12.00
# Visual Studio Version 17
VisualStudioVersion = 17.9.34728.123
MinimumVisualStudioVersion = 10.0.40219.1
Project("{9A19103F-16F7-4668-BE54-9A1E7A4F7556}") = "Domain", "Domain\Domain.csproj", "{9283A72B-AE4E-4982-9430-59D45373C0CF}"
EndProject
Project("{9A19103F-16F7-4668-BE54-9A1E7A4F7556}") = "Application", "Application\Application.csproj", "{A929F0DC-F284-4096-A0FD-B1E30124F638}"
EndProject
Project("{9A19103F-16F7-4668-BE54-9A1E7A4F7556}") = "Infrastructure", "Infrastructure\Infrastructure.csproj", "{4B094B92-BF2C-4624-B032-C1B8A4D98A91}"
EndProject
Project("{9A19103F-16F7-4668-BE54-9A1E7A4F7556}") = "Web", "Web\Web.csproj", "{DB7FE765-62EB-42C0-86AE-29979A9FC2DA}"
EndProject
Project("{9A19103F-16F7-4668-BE54-9A1E7A4F7556}") = "Tests", "Tests\Tests.csproj", "{0040209E-90CB-412E-A15E-9FD42E3F6DF8}"
EndProject
Global
	GlobalSection(SolutionConfigurationPlatforms) = preSolution
		Debug|Any CPU = Debug|Any CPU
		Release|Any CPU = Release|Any CPU
	EndGlobalSection
	GlobalSection(ProjectConfigurationPlatforms) = postSolution
		{9283A72B-AE4E-4982-9430-59D45373C0CF}.Debug|Any CPU.ActiveCfg = Debug|Any CPU
		{9283A72B-AE4E-4982-9430-59D45373C0CF}.Debug|Any CPU.Build.0 = Debug|Any CPU
		{9283A72B-AE4E-4982-9430-59D45373C0CF}.Release|Any CPU.ActiveCfg = Release|Any CPU
		{9283A72B-AE4E-4982-9430-59D45373C0CF}.Release|Any CPU.Build.0 = Release|Any CPU
		{A929F0DC-F284-4096-A0FD-B1E30124F638}.Debug|Any CPU.ActiveCfg = Debug|Any CPU
		{A929F0DC-F284-4096-A0FD-B1E30124F638}.Debug|Any CPU.Build.0 = Debug|Any CPU
		{A929F0DC-F284-4096-A0FD-B1E30124F638}.Release|Any CPU.ActiveCfg = Release|Any CPU
		{A929F0DC-F284-4096-A0FD-B1E30124F638}.Release|Any CPU.Build.0 = Release|Any CPU
		{4B094B92-BF2C-4624-B032-C1B8A4D98A91}.Debug|Any CPU.ActiveCfg = Debug|Any CPU
		{4B094B92-BF2C-4624-B032-C1B8A4D98A91}.Debug|Any CPU.Build.0 = Debug|Any CPU
		{4B094B92-BF2C-4624-B032-C1B8A4D98A91}.Release|Any CPU.ActiveCfg = Release|Any CPU
		{4B094B92-BF2C-4624-B032-C1B8A4D98A91}.Release|Any CPU.Build.0 = Release|Any CPU
		{DB7FE765-62EB-42C0-86AE-29979A9FC2DA}.Debug|Any CPU.ActiveCfg = Debug|Any CPU
		{DB7FE765-62EB-42C0-86AE-29979A9FC2DA}.Debug|Any CPU.Build.0 = Debug|Any CPU
		{DB7FE765-62EB-42C0-86AE-29979A9FC2DA}.Release|Any CPU.ActiveCfg = Release|Any CPU
		{DB7FE765-62EB-42C0-86AE-29979A9FC2DA}.Release|Any CPU.Build.0 = Release|Any CPU
		{0040209E-90CB-412E-A15E-9FD42E3F6DF8}.Debug|Any CPU.ActiveCfg = Debug|Any CPU
		{0040209E-90CB-412E-A15E-9FD42E3F6DF8}.Debug|Any CPU.Build.0 = Debug|Any CPU
		{0040209E-90CB-412E-A15E-9FD42E3F6DF8}.Release|Any CPU.ActiveCfg = Release|Any CPU
		{0040209E-90CB-412E-A15E-9FD42E3F6DF8}.Release|Any CPU.Build.0 = Release|Any CPU
	EndGlobalSection
	GlobalSection(SolutionProperties) = preSolution
		HideSolutionNode = FALSE
	EndGlobalSection
	GlobalSection(ExtensibilityGlobals) = postSolution
		SolutionGuid = {2469587B-1961-4240-837E-ACAF201C5EEA}
	EndGlobalSection
EndGlobal
